
Microsoft Visual Studio Solution File, Format Version 12.00
# Visual Studio Version 16
VisualStudioVersion = 16.0.29613.14
MinimumVisualStudioVersion = 10.0.40219.1
Project("{9A19103F-16F7-4668-BE54-9A1E7A4F7556}") = "SourceProject", "src\SourceProject\SourceProject.csproj", "{DB2D9B12-40E7-4844-ABB9-F14E14FEA40B}"
EndProject
Project("{2150E333-8FDC-42A3-9474-1A3956D46DE8}") = "src", "src", "{EFF313B2-A3F2-4802-B4D3-C5E86F8B0E58}"
EndProject
Project("{2150E333-8FDC-42A3-9474-1A3956D46DE8}") = "test", "test", "{4097C308-8EFB-468D-B40A-2A65F5852473}"
EndProject
Project("{9A19103F-16F7-4668-BE54-9A1E7A4F7556}") = "TestProject", "test\TestProject\TestProject.csproj", "{ADA38464-19EA-42B6-A63B-CE6A88BBDE15}"
EndProject
Global
	GlobalSection(SolutionConfigurationPlatforms) = preSolution
		Debug|x64 = Debug|x64
	EndGlobalSection
	GlobalSection(ProjectConfigurationPlatforms) = postSolution
		{DB2D9B12-40E7-4844-ABB9-F14E14FEA40B}.Debug|x64.ActiveCfg = Debug|x64
		{DB2D9B12-40E7-4844-ABB9-F14E14FEA40B}.Debug|x64.Build.0 = Debug|x64
		{ADA38464-19EA-42B6-A63B-CE6A88BBDE15}.Debug|x64.ActiveCfg = Debug|x64
		{ADA38464-19EA-42B6-A63B-CE6A88BBDE15}.Debug|x64.Build.0 = Debug|x64
	EndGlobalSection
	GlobalSection(SolutionProperties) = preSolution
		HideSolutionNode = FALSE
	EndGlobalSection
	GlobalSection(NestedProjects) = preSolution
		{DB2D9B12-40E7-4844-ABB9-F14E14FEA40B} = {EFF313B2-A3F2-4802-B4D3-C5E86F8B0E58}
		{ADA38464-19EA-42B6-A63B-CE6A88BBDE15} = {4097C308-8EFB-468D-B40A-2A65F5852473}
	EndGlobalSection
	GlobalSection(ExtensibilityGlobals) = postSolution
		SolutionGuid = {F7F101D9-6EF4-4895-B159-689D8C875202}
	EndGlobalSection
EndGlobal
